
Microsoft Visual Studio Solution File, Format Version 12.00
# Visual Studio Version 16
VisualStudioVersion = 16.0.28803.352
MinimumVisualStudioVersion = 10.0.40219.1
Project("{2150E333-8FDC-42A3-9474-1A3956D46DE8}") = "hardware", "hardware", "{83776409-1986-4824-B16B-AD699A37DABB}"
EndProject
Project("{2150E333-8FDC-42A3-9474-1A3956D46DE8}") = "input", "input", "{D7CBF537-17C7-49B8-8F5A-90D89485B1A3}"
EndProject
Project("{2150E333-8FDC-42A3-9474-1A3956D46DE8}") = "application", "application", "{CF6663DA-E597-4DE3-BF7B-C21F5BC20A35}"
EndProject
Project("{2150E333-8FDC-42A3-9474-1A3956D46DE8}") = "serial", "serial", "{D590AC22-9A03-4883-8E4E-947CEB0FAE79}"
EndProject
Project("{2150E333-8FDC-42A3-9474-1A3956D46DE8}") = "usb", "usb", "{427BF19B-0B08-40A1-A1A0-49FA9A41F7DC}"
EndProject
Project("{2150E333-8FDC-42A3-9474-1A3956D46DE8}") = "debug", "debug", "{7886588A-2954-4DB7-A2B8-6205D103F573}"
EndProject
Project("{2150E333-8FDC-42A3-9474-1A3956D46DE8}") = "opencv", "opencv", "{3B6448BF-D487-4583-AC7A-7CD12109F667}"
EndProject
Project("{2150E333-8FDC-42A3-9474-1A3956D46DE8}") = "opengl", "opengl", "{F385C569-054B-4FFB-9662-F0C9DAE9A006}"
EndProject
Project("{2150E333-8FDC-42A3-9474-1A3956D46DE8}") = "ui", "ui", "{FF280F2A-6172-4733-83B3-A3E439C4E475}"
EndProject
Project("{8BC9CEB8-8B4A-11D0-8D11-00A0C91BC942}") = "kb_rawinput", "hardware\input\kb_rawinput\kb_rawinput.vcxproj", "{C26291FE-ACCB-42BC-9F18-682BE8C0DA9F}"
EndProject
Global
	GlobalSection(SolutionConfigurationPlatforms) = preSolution
		Debug|x64 = Debug|x64
		Debug|x86 = Debug|x86
		Release|x64 = Release|x64
		Release|x86 = Release|x86
	EndGlobalSection
	GlobalSection(ProjectConfigurationPlatforms) = postSolution
		{C26291FE-ACCB-42BC-9F18-682BE8C0DA9F}.Debug|x64.ActiveCfg = Debug|x64
		{C26291FE-ACCB-42BC-9F18-682BE8C0DA9F}.Debug|x64.Build.0 = Debug|x64
		{C26291FE-ACCB-42BC-9F18-682BE8C0DA9F}.Debug|x86.ActiveCfg = Debug|Win32
		{C26291FE-ACCB-42BC-9F18-682BE8C0DA9F}.Debug|x86.Build.0 = Debug|Win32
		{C26291FE-ACCB-42BC-9F18-682BE8C0DA9F}.Release|x64.ActiveCfg = Release|x64
		{C26291FE-ACCB-42BC-9F18-682BE8C0DA9F}.Release|x64.Build.0 = Release|x64
		{C26291FE-ACCB-42BC-9F18-682BE8C0DA9F}.Release|x86.ActiveCfg = Release|Win32
		{C26291FE-ACCB-42BC-9F18-682BE8C0DA9F}.Release|x86.Build.0 = Release|Win32
	EndGlobalSection
	GlobalSection(SolutionProperties) = preSolution
		HideSolutionNode = FALSE
	EndGlobalSection
	GlobalSection(NestedProjects) = preSolution
		{D7CBF537-17C7-49B8-8F5A-90D89485B1A3} = {83776409-1986-4824-B16B-AD699A37DABB}
		{D590AC22-9A03-4883-8E4E-947CEB0FAE79} = {83776409-1986-4824-B16B-AD699A37DABB}
		{427BF19B-0B08-40A1-A1A0-49FA9A41F7DC} = {83776409-1986-4824-B16B-AD699A37DABB}
		{7886588A-2954-4DB7-A2B8-6205D103F573} = {CF6663DA-E597-4DE3-BF7B-C21F5BC20A35}
		{3B6448BF-D487-4583-AC7A-7CD12109F667} = {CF6663DA-E597-4DE3-BF7B-C21F5BC20A35}
		{F385C569-054B-4FFB-9662-F0C9DAE9A006} = {CF6663DA-E597-4DE3-BF7B-C21F5BC20A35}
		{FF280F2A-6172-4733-83B3-A3E439C4E475} = {CF6663DA-E597-4DE3-BF7B-C21F5BC20A35}
		{C26291FE-ACCB-42BC-9F18-682BE8C0DA9F} = {D7CBF537-17C7-49B8-8F5A-90D89485B1A3}
	EndGlobalSection
	GlobalSection(ExtensibilityGlobals) = postSolution
		SolutionGuid = {88F76DF4-A1A6-4814-AB5D-3D4F46110B03}
	EndGlobalSection
EndGlobal
